
Microsoft Visual Studio Solution File, Format Version 12.00
# Visual Studio Version 17
VisualStudioVersion = 17.11.35327.3
MinimumVisualStudioVersion = 10.0.40219.1
Project("{FAE04EC0-301F-11D3-BF4B-00C04F79EFBC}") = "4LabaAppz(1)", "4LabaAppz(1)\4LabaAppz(1).csproj", "{94C02419-7798-4189-9455-EEA97B96EDE2}"
EndProject
Project("{FAE04EC0-301F-11D3-BF4B-00C04F79EFBC}") = "PlacesDB", "PlacesDB\PlacesDB.csproj", "{1E44328D-3E10-4E72-BA0C-E0BAB9E6C524}"
EndProject
Global
	GlobalSection(SolutionConfigurationPlatforms) = preSolution
		Debug|Any CPU = Debug|Any CPU
		Release|Any CPU = Release|Any CPU
	EndGlobalSection
	GlobalSection(ProjectConfigurationPlatforms) = postSolution
		{94C02419-7798-4189-9455-EEA97B96EDE2}.Debug|Any CPU.ActiveCfg = Debug|Any CPU
		{94C02419-7798-4189-9455-EEA97B96EDE2}.Debug|Any CPU.Build.0 = Debug|Any CPU
		{94C02419-7798-4189-9455-EEA97B96EDE2}.Release|Any CPU.ActiveCfg = Release|Any CPU
		{94C02419-7798-4189-9455-EEA97B96EDE2}.Release|Any CPU.Build.0 = Release|Any CPU
		{1E44328D-3E10-4E72-BA0C-E0BAB9E6C524}.Debug|Any CPU.ActiveCfg = Debug|Any CPU
		{1E44328D-3E10-4E72-BA0C-E0BAB9E6C524}.Debug|Any CPU.Build.0 = Debug|Any CPU
		{1E44328D-3E10-4E72-BA0C-E0BAB9E6C524}.Release|Any CPU.ActiveCfg = Release|Any CPU
		{1E44328D-3E10-4E72-BA0C-E0BAB9E6C524}.Release|Any CPU.Build.0 = Release|Any CPU
	EndGlobalSection
	GlobalSection(SolutionProperties) = preSolution
		HideSolutionNode = FALSE
	EndGlobalSection
	GlobalSection(ExtensibilityGlobals) = postSolution
		SolutionGuid = {BF13521C-990F-4FB5-9ED0-438066198704}
	EndGlobalSection
EndGlobal
